
Microsoft Visual Studio Solution File, Format Version 12.00
# Visual Studio Version 17
VisualStudioVersion = 17.9.34701.34
MinimumVisualStudioVersion = 10.0.40219.1
Project("{FAE04EC0-301F-11D3-BF4B-00C04F79EFBC}") = "Cadastro a", "Cadastro a.csproj", "{391595F5-85E0-4DB9-A264-56BAB2FDF617}"
EndProject
Global
	GlobalSection(SolutionConfigurationPlatforms) = preSolution
		Debug|Any CPU = Debug|Any CPU
		Release|Any CPU = Release|Any CPU
	EndGlobalSection
	GlobalSection(ProjectConfigurationPlatforms) = postSolution
		{391595F5-85E0-4DB9-A264-56BAB2FDF617}.Debug|Any CPU.ActiveCfg = Debug|Any CPU
		{391595F5-85E0-4DB9-A264-56BAB2FDF617}.Debug|Any CPU.Build.0 = Debug|Any CPU
		{391595F5-85E0-4DB9-A264-56BAB2FDF617}.Release|Any CPU.ActiveCfg = Release|Any CPU
		{391595F5-85E0-4DB9-A264-56BAB2FDF617}.Release|Any CPU.Build.0 = Release|Any CPU
	EndGlobalSection
	GlobalSection(SolutionProperties) = preSolution
		HideSolutionNode = FALSE
	EndGlobalSection
	GlobalSection(ExtensibilityGlobals) = postSolution
		SolutionGuid = {148C029D-5D76-43E5-A820-C0F51B9C18FC}
	EndGlobalSection
EndGlobal
